
Microsoft Visual Studio Solution File, Format Version 12.00
# Visual Studio Version 17
VisualStudioVersion = 17.13.35828.75 d17.13
MinimumVisualStudioVersion = 10.0.40219.1
Project("{C9674DCB-5085-4A16-B785-4C70DD1589BD}") = "REMUNERACAO", "REMUNERACAO\REMUNERACAO.dtproj", "{1AD060EA-5A9F-D0F8-C5F1-6257EF67E69C}"
EndProject
Global
	GlobalSection(SolutionConfigurationPlatforms) = preSolution
		Development|Default = Development|Default
	EndGlobalSection
	GlobalSection(ProjectConfigurationPlatforms) = postSolution
		{1AD060EA-5A9F-D0F8-C5F1-6257EF67E69C}.Development|Default.ActiveCfg = Development
		{1AD060EA-5A9F-D0F8-C5F1-6257EF67E69C}.Development|Default.Build.0 = Development
	EndGlobalSection
	GlobalSection(SolutionProperties) = preSolution
		HideSolutionNode = FALSE
	EndGlobalSection
	GlobalSection(ExtensibilityGlobals) = postSolution
		SolutionGuid = {33442B40-15E2-4623-BCCD-34F36619ACD6}
	EndGlobalSection
EndGlobal
